// !$*UTF8*$!
{
	archiveVersion = 1;
	classes = {
	};
	objectVersion = 46;
	objects = {

/* Begin PBXBuildFile section */
		BF_46F4E7481E3F22E1D7344021C5C7E136 /* TPHCloudAnalytics.h in Headers */ = {isa = PBXBuildFile; fileRef = FR_1C9509407D584800493DE84460F9C02C /* TPHCloudAnalytics.h */; settings = {ATTRIBUTES = (Public, ); }; };
		BF_7483200DF4BBD6AA92526BBF6B1CBCE2 /* DeviceInfo.swift in Sources */ = {isa = PBXBuildFile; fileRef = FR_0993B5DC6D95D8B938DEE85DDBA28629 /* DeviceInfo.swift */; };
		BF_BFB6F0A9C7608812FAD669A490D94E9F /* CloudAnalytics.swift in Sources */ = {isa = PBXBuildFile; fileRef = FR_00EBE97B0EE24FC4D312879D0B26D8F7 /* CloudAnalytics.swift */; };
/* End PBXBuildFile section */

/* Begin PBXFileReference section */
		FR_00EBE97B0EE24FC4D312879D0B26D8F7 /* CloudAnalytics.swift */ = {isa = PBXFileReference; lastKnownFileType = sourcecode.swift; path = CloudAnalytics.swift; sourceTree = "<group>"; };
		FR_0993B5DC6D95D8B938DEE85DDBA28629 /* DeviceInfo.swift */ = {isa = PBXFileReference; lastKnownFileType = sourcecode.swift; path = DeviceInfo.swift; sourceTree = "<group>"; };
		FR_0ECEBB6F2EA0EDA7666342F31DC45A9D /* TPHCloudAnalytics-Debug.xcconfig */ = {isa = PBXFileReference; lastKnownFileType = text.xcconfig; path = "TPHCloudAnalytics-Debug.xcconfig"; sourceTree = "<group>"; };
		FR_0EEB825895D4B3A37505E142181CC03D /* Project-Release.xcconfig */ = {isa = PBXFileReference; lastKnownFileType = text.xcconfig; path = "Project-Release.xcconfig"; sourceTree = "<group>"; };
		FR_1C9509407D584800493DE84460F9C02C /* TPHCloudAnalytics.h */ = {isa = PBXFileReference; lastKnownFileType = sourcecode.c.h; path = TPHCloudAnalytics.h; sourceTree = "<group>"; };
		FR_4191D44E1F34A4DC7DD0DEDE22EF0C87 /* Project-Debug.xcconfig */ = {isa = PBXFileReference; lastKnownFileType = text.xcconfig; path = "Project-Debug.xcconfig"; sourceTree = "<group>"; };
		FR_6084D70AB8B2E66F6BC810029679F1F4 /* TPHCloudAnalytics.framework */ = {isa = PBXFileReference; explicitFileType = wrapper.framework; includeInIndex = 0; path = TPHCloudAnalytics.framework; sourceTree = BUILT_PRODUCTS_DIR; };
		FR_7C1ADB52ED90DF1ABBD12E4B95AD9BAD /* TPHCloudAnalytics-Release.xcconfig */ = {isa = PBXFileReference; lastKnownFileType = text.xcconfig; path = "TPHCloudAnalytics-Release.xcconfig"; sourceTree = "<group>"; };
/* End PBXFileReference section */

/* Begin PBXGroup section */
		G_4A36F136842091CA2DFB54C21F3A325F /* Sources */ = {
			isa = PBXGroup;
			children = (
				FR_00EBE97B0EE24FC4D312879D0B26D8F7 /* CloudAnalytics.swift */,
				FR_0993B5DC6D95D8B938DEE85DDBA28629 /* DeviceInfo.swift */,
				FR_1C9509407D584800493DE84460F9C02C /* TPHCloudAnalytics.h */,
			);
			path = Sources;
			sourceTree = "<group>";
		};
		G_84AAE87AF10201974F734A95716D783B /* xcconfigs */ = {
			isa = PBXGroup;
			children = (
				FR_4191D44E1F34A4DC7DD0DEDE22EF0C87 /* Project-Debug.xcconfig */,
				FR_0EEB825895D4B3A37505E142181CC03D /* Project-Release.xcconfig */,
				FR_0ECEBB6F2EA0EDA7666342F31DC45A9D /* TPHCloudAnalytics-Debug.xcconfig */,
				FR_7C1ADB52ED90DF1ABBD12E4B95AD9BAD /* TPHCloudAnalytics-Release.xcconfig */,
			);
			path = xcconfigs;
			sourceTree = "<group>";
		};
		G_B31EBD134CB9396FD120040211284022 /* Products */ = {
			isa = PBXGroup;
			children = (
				FR_6084D70AB8B2E66F6BC810029679F1F4 /* TPHCloudAnalytics.framework */,
			);
			name = Products;
			sourceTree = "<group>";
		};
		G_B97B8F9115AC55AF21549F2CEA7AFED5 = {
			isa = PBXGroup;
			children = (
				G_4A36F136842091CA2DFB54C21F3A325F /* Sources */,
				G_84AAE87AF10201974F734A95716D783B /* xcconfigs */,
				G_B31EBD134CB9396FD120040211284022 /* Products */,
			);
			sourceTree = "<group>";
		};
/* End PBXGroup section */

/* Begin PBXHeadersBuildPhase section */
		HBP_B5F3EC2313AF667F199E536188F08523 /* Headers */ = {
			isa = PBXHeadersBuildPhase;
			buildActionMask = 2147483647;
			files = (
				BF_46F4E7481E3F22E1D7344021C5C7E136 /* TPHCloudAnalytics.h in Headers */,
			);
			runOnlyForDeploymentPostprocessing = 0;
		};
/* End PBXHeadersBuildPhase section */

/* Begin PBXNativeTarget section */
		NT_9EAD5FB6F8936E8A9DC0C19CB87A00B3 /* TPHCloudAnalytics */ = {
			isa = PBXNativeTarget;
			buildConfigurationList = CL_9C05484E66944F920B51E7EDA9F3AE42 /* Build configuration list for PBXNativeTarget "TPHCloudAnalytics" */;
			buildPhases = (
				HBP_B5F3EC2313AF667F199E536188F08523 /* Headers */,
				SBP_299923AD5EE152B5C54DB6B030948C99 /* Sources */,
			);
			buildRules = (
			);
			dependencies = (
			);
			name = TPHCloudAnalytics;
			productName = TPHCloudAnalytics;
			productReference = FR_6084D70AB8B2E66F6BC810029679F1F4 /* TPHCloudAnalytics.framework */;
			productType = "com.apple.product-type.framework";
		};
/* End PBXNativeTarget section */

/* Begin PBXProject section */
		P_11BBE91EFB3BD9C333CE2DD256949C49 /* Project object */ = {
			isa = PBXProject;
			attributes = {
				LastUpgradeCheck = 1000;
				TargetAttributes = {
					NT_9EAD5FB6F8936E8A9DC0C19CB87A00B3 = {
						DevelopmentTeam = GECHUE5BZ4;
						ProvisioningStyle = Automatic;
					};
				};
			};
			buildConfigurationList = CL_1D7C19BD78547BBD5656460A23ECFC86 /* Build configuration list for PBXProject "TPHCloudAnalytics" */;
			compatibilityVersion = "Xcode 3.2";
			developmentRegion = en;
			hasScannedForEncodings = 0;
			knownRegions = (
				en,
			);
			mainGroup = G_B97B8F9115AC55AF21549F2CEA7AFED5;
			projectDirPath = "";
			projectRoot = "";
			targets = (
				NT_9EAD5FB6F8936E8A9DC0C19CB87A00B3 /* TPHCloudAnalytics */,
			);
		};
/* End PBXProject section */

/* Begin PBXSourcesBuildPhase section */
		SBP_299923AD5EE152B5C54DB6B030948C99 /* Sources */ = {
			isa = PBXSourcesBuildPhase;
			buildActionMask = 2147483647;
			files = (
				BF_BFB6F0A9C7608812FAD669A490D94E9F /* CloudAnalytics.swift in Sources */,
				BF_7483200DF4BBD6AA92526BBF6B1CBCE2 /* DeviceInfo.swift in Sources */,
			);
			runOnlyForDeploymentPostprocessing = 0;
		};
/* End PBXSourcesBuildPhase section */

/* Begin XCBuildConfiguration section */
		BC_3EE8D15DC236F8D193EE78CCC216D5A6 /* Release */ = {
			isa = XCBuildConfiguration;
			baseConfigurationReference = FR_0EEB825895D4B3A37505E142181CC03D /* Project-Release.xcconfig */;
			buildSettings = {
				CLANG_WARN_DEPRECATED_OBJC_IMPLEMENTATIONS = YES;
				CLANG_WARN_OBJC_IMPLICIT_RETAIN_SELF = YES;
				PRODUCT_NAME = "$(TARGET_NAME)";
				SWIFT_VERSION = 4.2;
			};
			name = Release;
		};
		BC_7A829DCBEE175F3143F9804C38593CBD /* Debug */ = {
			isa = XCBuildConfiguration;
			baseConfigurationReference = FR_4191D44E1F34A4DC7DD0DEDE22EF0C87 /* Project-Debug.xcconfig */;
			buildSettings = {
				CLANG_WARN_DEPRECATED_OBJC_IMPLEMENTATIONS = YES;
				CLANG_WARN_OBJC_IMPLICIT_RETAIN_SELF = YES;
				PRODUCT_NAME = "$(TARGET_NAME)";
				SWIFT_VERSION = 4.2;
			};
			name = Debug;
		};
		BC_90437BC6691A5404833052A7F404F2C0 /* Debug */ = {
			isa = XCBuildConfiguration;
			baseConfigurationReference = FR_0ECEBB6F2EA0EDA7666342F31DC45A9D /* TPHCloudAnalytics-Debug.xcconfig */;
			buildSettings = {
			};
			name = Debug;
		};
		BC_93E350B926398028E63FD8CBA280BEDB /* Release */ = {
			isa = XCBuildConfiguration;
			baseConfigurationReference = FR_7C1ADB52ED90DF1ABBD12E4B95AD9BAD /* TPHCloudAnalytics-Release.xcconfig */;
			buildSettings = {
			};
			name = Release;
		};
/* End XCBuildConfiguration section */

/* Begin XCConfigurationList section */
		CL_1D7C19BD78547BBD5656460A23ECFC86 /* Build configuration list for PBXProject "TPHCloudAnalytics" */ = {
			isa = XCConfigurationList;
			buildConfigurations = (
				BC_7A829DCBEE175F3143F9804C38593CBD /* Debug */,
				BC_3EE8D15DC236F8D193EE78CCC216D5A6 /* Release */,
			);
			defaultConfigurationIsVisible = 0;
			defaultConfigurationName = Debug;
		};
		CL_9C05484E66944F920B51E7EDA9F3AE42 /* Build configuration list for PBXNativeTarget "TPHCloudAnalytics" */ = {
			isa = XCConfigurationList;
			buildConfigurations = (
				BC_90437BC6691A5404833052A7F404F2C0 /* Debug */,
				BC_93E350B926398028E63FD8CBA280BEDB /* Release */,
			);
			defaultConfigurationIsVisible = 0;
			defaultConfigurationName = "";
		};
/* End XCConfigurationList section */
	};
	rootObject = P_11BBE91EFB3BD9C333CE2DD256949C49 /* Project object */;
}
