// !$*UTF8*$!
{
	archiveVersion = 1;
	classes = {
	};
	objectVersion = 48;
	objects = {

/* Begin PBXBuildFile section */
		93049B6C1F17E1530004A8CF /* TPHCloudAnalytics.h in Headers */ = {isa = PBXBuildFile; fileRef = 93049B6A1F17E1530004A8CF /* TPHCloudAnalytics.h */; settings = {ATTRIBUTES = (Public, ); }; };
		93049B7F1F17E1FE0004A8CF /* CloudAnalytics.swift in Sources */ = {isa = PBXBuildFile; fileRef = 93049B7E1F17E1FE0004A8CF /* CloudAnalytics.swift */; };
		93049B871F17EFBA0004A8CF /* DeviceInfo.swift in Sources */ = {isa = PBXBuildFile; fileRef = 93049B861F17EFBA0004A8CF /* DeviceInfo.swift */; };
/* End PBXBuildFile section */

/* Begin PBXFileReference section */
		93049B671F17E1530004A8CF /* TPHCloudAnalytics.framework */ = {isa = PBXFileReference; explicitFileType = wrapper.framework; includeInIndex = 0; path = TPHCloudAnalytics.framework; sourceTree = BUILT_PRODUCTS_DIR; };
		93049B6A1F17E1530004A8CF /* TPHCloudAnalytics.h */ = {isa = PBXFileReference; lastKnownFileType = sourcecode.c.h; path = TPHCloudAnalytics.h; sourceTree = "<group>"; };
		93049B6B1F17E1530004A8CF /* Info.plist */ = {isa = PBXFileReference; lastKnownFileType = text.plist.xml; path = Info.plist; sourceTree = "<group>"; };
		93049B7E1F17E1FE0004A8CF /* CloudAnalytics.swift */ = {isa = PBXFileReference; lastKnownFileType = sourcecode.swift; path = CloudAnalytics.swift; sourceTree = "<group>"; };
		93049B811F17E20E0004A8CF /* CloudKit.framework */ = {isa = PBXFileReference; lastKnownFileType = wrapper.framework; name = CloudKit.framework; path = System/Library/Frameworks/CloudKit.framework; sourceTree = SDKROOT; };
		93049B861F17EFBA0004A8CF /* DeviceInfo.swift */ = {isa = PBXFileReference; lastKnownFileType = sourcecode.swift; path = DeviceInfo.swift; sourceTree = "<group>"; };
		93E890112176FD8D00C21E2D /* TPHCloudAnalytics-Shared.xcconfig */ = {isa = PBXFileReference; lastKnownFileType = text.xcconfig; path = "TPHCloudAnalytics-Shared.xcconfig"; sourceTree = "<group>"; };
		93E890122176FD8D00C21E2D /* Project-Release.xcconfig */ = {isa = PBXFileReference; lastKnownFileType = text.xcconfig; path = "Project-Release.xcconfig"; sourceTree = "<group>"; };
		93E890132176FD8D00C21E2D /* TPHCloudAnalytics-Release.xcconfig */ = {isa = PBXFileReference; lastKnownFileType = text.xcconfig; path = "TPHCloudAnalytics-Release.xcconfig"; sourceTree = "<group>"; };
		93E890142176FD8D00C21E2D /* Project-Shared.xcconfig */ = {isa = PBXFileReference; lastKnownFileType = text.xcconfig; path = "Project-Shared.xcconfig"; sourceTree = "<group>"; };
		93E890152176FD8D00C21E2D /* TPHCloudAnalytics-Debug.xcconfig */ = {isa = PBXFileReference; lastKnownFileType = text.xcconfig; path = "TPHCloudAnalytics-Debug.xcconfig"; sourceTree = "<group>"; };
		93E890162176FD8D00C21E2D /* Project-Debug.xcconfig */ = {isa = PBXFileReference; lastKnownFileType = text.xcconfig; path = "Project-Debug.xcconfig"; sourceTree = "<group>"; };
/* End PBXFileReference section */

/* Begin PBXFrameworksBuildPhase section */
		93049B631F17E1530004A8CF /* Frameworks */ = {
			isa = PBXFrameworksBuildPhase;
			buildActionMask = 2147483647;
			files = (
			);
			runOnlyForDeploymentPostprocessing = 0;
		};
/* End PBXFrameworksBuildPhase section */

/* Begin PBXGroup section */
		93049B5D1F17E1530004A8CF = {
			isa = PBXGroup;
			children = (
				93E890102176FD8D00C21E2D /* xcconfigs */,
				93049B691F17E1530004A8CF /* TPHCloudAnalytics */,
				93049B681F17E1530004A8CF /* Products */,
				93049B801F17E20D0004A8CF /* Frameworks */,
			);
			sourceTree = "<group>";
		};
		93049B681F17E1530004A8CF /* Products */ = {
			isa = PBXGroup;
			children = (
				93049B671F17E1530004A8CF /* TPHCloudAnalytics.framework */,
			);
			name = Products;
			sourceTree = "<group>";
		};
		93049B691F17E1530004A8CF /* TPHCloudAnalytics */ = {
			isa = PBXGroup;
			children = (
				93049B6A1F17E1530004A8CF /* TPHCloudAnalytics.h */,
				93049B6B1F17E1530004A8CF /* Info.plist */,
				93049B7E1F17E1FE0004A8CF /* CloudAnalytics.swift */,
				93049B861F17EFBA0004A8CF /* DeviceInfo.swift */,
			);
			path = TPHCloudAnalytics;
			sourceTree = "<group>";
		};
		93049B801F17E20D0004A8CF /* Frameworks */ = {
			isa = PBXGroup;
			children = (
				93049B811F17E20E0004A8CF /* CloudKit.framework */,
			);
			name = Frameworks;
			sourceTree = "<group>";
		};
		93E890102176FD8D00C21E2D /* xcconfigs */ = {
			isa = PBXGroup;
			children = (
				93E890112176FD8D00C21E2D /* TPHCloudAnalytics-Shared.xcconfig */,
				93E890122176FD8D00C21E2D /* Project-Release.xcconfig */,
				93E890132176FD8D00C21E2D /* TPHCloudAnalytics-Release.xcconfig */,
				93E890142176FD8D00C21E2D /* Project-Shared.xcconfig */,
				93E890152176FD8D00C21E2D /* TPHCloudAnalytics-Debug.xcconfig */,
				93E890162176FD8D00C21E2D /* Project-Debug.xcconfig */,
			);
			path = xcconfigs;
			sourceTree = "<group>";
		};
/* End PBXGroup section */

/* Begin PBXHeadersBuildPhase section */
		93049B641F17E1530004A8CF /* Headers */ = {
			isa = PBXHeadersBuildPhase;
			buildActionMask = 2147483647;
			files = (
				93049B6C1F17E1530004A8CF /* TPHCloudAnalytics.h in Headers */,
			);
			runOnlyForDeploymentPostprocessing = 0;
		};
/* End PBXHeadersBuildPhase section */

/* Begin PBXNativeTarget section */
		93049B661F17E1530004A8CF /* TPHCloudAnalytics */ = {
			isa = PBXNativeTarget;
			buildConfigurationList = 93049B6F1F17E1530004A8CF /* Build configuration list for PBXNativeTarget "TPHCloudAnalytics" */;
			buildPhases = (
				93049B621F17E1530004A8CF /* Sources */,
				93049B631F17E1530004A8CF /* Frameworks */,
				93049B641F17E1530004A8CF /* Headers */,
				93049B651F17E1530004A8CF /* Resources */,
			);
			buildRules = (
			);
			dependencies = (
			);
			name = TPHCloudAnalytics;
			productName = TPHCloudAnalytics;
			productReference = 93049B671F17E1530004A8CF /* TPHCloudAnalytics.framework */;
			productType = "com.apple.product-type.framework";
		};
/* End PBXNativeTarget section */

/* Begin PBXProject section */
		93049B5E1F17E1530004A8CF /* Project object */ = {
			isa = PBXProject;
			attributes = {
				LastUpgradeCheck = 0900;
				ORGANIZATIONNAME = "Taphouse Software";
				TargetAttributes = {
					93049B661F17E1530004A8CF = {
						CreatedOnToolsVersion = 9.0;
						LastSwiftMigration = 1000;
					};
				};
			};
			buildConfigurationList = 93049B611F17E1530004A8CF /* Build configuration list for PBXProject "TPHCloudAnalytics" */;
			compatibilityVersion = "Xcode 8.0";
			developmentRegion = en;
			hasScannedForEncodings = 0;
			knownRegions = (
				en,
			);
			mainGroup = 93049B5D1F17E1530004A8CF;
			productRefGroup = 93049B681F17E1530004A8CF /* Products */;
			projectDirPath = "";
			projectRoot = "";
			targets = (
				93049B661F17E1530004A8CF /* TPHCloudAnalytics */,
			);
		};
/* End PBXProject section */

/* Begin PBXResourcesBuildPhase section */
		93049B651F17E1530004A8CF /* Resources */ = {
			isa = PBXResourcesBuildPhase;
			buildActionMask = 2147483647;
			files = (
			);
			runOnlyForDeploymentPostprocessing = 0;
		};
/* End PBXResourcesBuildPhase section */

/* Begin PBXSourcesBuildPhase section */
		93049B621F17E1530004A8CF /* Sources */ = {
			isa = PBXSourcesBuildPhase;
			buildActionMask = 2147483647;
			files = (
				93049B7F1F17E1FE0004A8CF /* CloudAnalytics.swift in Sources */,
				93049B871F17EFBA0004A8CF /* DeviceInfo.swift in Sources */,
			);
			runOnlyForDeploymentPostprocessing = 0;
		};
/* End PBXSourcesBuildPhase section */

/* Begin XCBuildConfiguration section */
		93049B6D1F17E1530004A8CF /* Debug */ = {
			isa = XCBuildConfiguration;
			baseConfigurationReference = 93E890162176FD8D00C21E2D /* Project-Debug.xcconfig */;
			buildSettings = {
			};
			name = Debug;
		};
		93049B6E1F17E1530004A8CF /* Release */ = {
			isa = XCBuildConfiguration;
			baseConfigurationReference = 93E890122176FD8D00C21E2D /* Project-Release.xcconfig */;
			buildSettings = {
			};
			name = Release;
		};
		93049B701F17E1530004A8CF /* Debug */ = {
			isa = XCBuildConfiguration;
			baseConfigurationReference = 93E890152176FD8D00C21E2D /* TPHCloudAnalytics-Debug.xcconfig */;
			buildSettings = {
			};
			name = Debug;
		};
		93049B711F17E1530004A8CF /* Release */ = {
			isa = XCBuildConfiguration;
			baseConfigurationReference = 93E890132176FD8D00C21E2D /* TPHCloudAnalytics-Release.xcconfig */;
			buildSettings = {
			};
			name = Release;
		};
/* End XCBuildConfiguration section */

/* Begin XCConfigurationList section */
		93049B611F17E1530004A8CF /* Build configuration list for PBXProject "TPHCloudAnalytics" */ = {
			isa = XCConfigurationList;
			buildConfigurations = (
				93049B6D1F17E1530004A8CF /* Debug */,
				93049B6E1F17E1530004A8CF /* Release */,
			);
			defaultConfigurationIsVisible = 0;
			defaultConfigurationName = Release;
		};
		93049B6F1F17E1530004A8CF /* Build configuration list for PBXNativeTarget "TPHCloudAnalytics" */ = {
			isa = XCConfigurationList;
			buildConfigurations = (
				93049B701F17E1530004A8CF /* Debug */,
				93049B711F17E1530004A8CF /* Release */,
			);
			defaultConfigurationIsVisible = 0;
			defaultConfigurationName = Release;
		};
/* End XCConfigurationList section */
	};
	rootObject = 93049B5E1F17E1530004A8CF /* Project object */;
}
